
Microsoft Visual Studio Solution File, Format Version 12.00
Project("{FAE04EC0-301F-11D3-BF4B-00C04F79EFBC}") = "Automotive", "Automotive\Automotive.csproj", "{7C5BEC87-447F-40D0-84E7-2CEFFDFA5044}"
EndProject
Project("{FAE04EC0-301F-11D3-BF4B-00C04F79EFBC}") = "Program", "Program\Program.csproj", "{470E4B28-90A4-4D10-A542-15D0014CA0CD}"
EndProject
Project("{FAE04EC0-301F-11D3-BF4B-00C04F79EFBC}") = "AutomotiveTests", "AutomotiveTests\AutomotiveTests.csproj", "{8BB53DBD-399E-49BA-9903-4BA0A58C692C}"
EndProject
Global
	GlobalSection(SolutionConfigurationPlatforms) = preSolution
		Debug|Any CPU = Debug|Any CPU
		Release|Any CPU = Release|Any CPU
	EndGlobalSection
	GlobalSection(ProjectConfigurationPlatforms) = postSolution
		{7C5BEC87-447F-40D0-84E7-2CEFFDFA5044}.Debug|Any CPU.ActiveCfg = Debug|Any CPU
		{7C5BEC87-447F-40D0-84E7-2CEFFDFA5044}.Debug|Any CPU.Build.0 = Debug|Any CPU
		{7C5BEC87-447F-40D0-84E7-2CEFFDFA5044}.Release|Any CPU.ActiveCfg = Release|Any CPU
		{7C5BEC87-447F-40D0-84E7-2CEFFDFA5044}.Release|Any CPU.Build.0 = Release|Any CPU
		{470E4B28-90A4-4D10-A542-15D0014CA0CD}.Debug|Any CPU.ActiveCfg = Debug|Any CPU
		{470E4B28-90A4-4D10-A542-15D0014CA0CD}.Debug|Any CPU.Build.0 = Debug|Any CPU
		{470E4B28-90A4-4D10-A542-15D0014CA0CD}.Release|Any CPU.ActiveCfg = Release|Any CPU
		{470E4B28-90A4-4D10-A542-15D0014CA0CD}.Release|Any CPU.Build.0 = Release|Any CPU
		{8BB53DBD-399E-49BA-9903-4BA0A58C692C}.Debug|Any CPU.ActiveCfg = Debug|Any CPU
		{8BB53DBD-399E-49BA-9903-4BA0A58C692C}.Debug|Any CPU.Build.0 = Debug|Any CPU
		{8BB53DBD-399E-49BA-9903-4BA0A58C692C}.Release|Any CPU.ActiveCfg = Release|Any CPU
		{8BB53DBD-399E-49BA-9903-4BA0A58C692C}.Release|Any CPU.Build.0 = Release|Any CPU
	EndGlobalSection
EndGlobal
