
Microsoft Visual Studio Solution File, Format Version 12.00
Project("{FAE04EC0-301F-11D3-BF4B-00C04F79EFBC}") = "UI", "UI\UI.csproj", "{F7B256D1-A91A-4229-BF02-C7D42F3DE7E5}"
EndProject
Project("{FAE04EC0-301F-11D3-BF4B-00C04F79EFBC}") = "BusinessLogic", "BusinessLogic\BusinessLogic.csproj", "{ABD4B571-B5CA-4D0D-B9B7-0052C4076123}"
EndProject
Project("{FAE04EC0-301F-11D3-BF4B-00C04F79EFBC}") = "Dtos", "Dtos\Dtos.csproj", "{C8AB442B-75A9-4408-98DB-B39B0E770C2D}"
EndProject
Project("{FAE04EC0-301F-11D3-BF4B-00C04F79EFBC}") = "Domain", "Domain\Domain.csproj", "{84032174-421A-4AC5-B088-5B97EA456E5C}"
EndProject
Project("{FAE04EC0-301F-11D3-BF4B-00C04F79EFBC}") = "DataAccess", "DataAccess\DataAccess.csproj", "{3E1F45E5-41B9-4D98-9D0C-6D0CA1DC28B0}"
EndProject
Global
	GlobalSection(SolutionConfigurationPlatforms) = preSolution
		Debug|Any CPU = Debug|Any CPU
		Release|Any CPU = Release|Any CPU
	EndGlobalSection
	GlobalSection(ProjectConfigurationPlatforms) = postSolution
		{F7B256D1-A91A-4229-BF02-C7D42F3DE7E5}.Debug|Any CPU.ActiveCfg = Debug|Any CPU
		{F7B256D1-A91A-4229-BF02-C7D42F3DE7E5}.Debug|Any CPU.Build.0 = Debug|Any CPU
		{F7B256D1-A91A-4229-BF02-C7D42F3DE7E5}.Release|Any CPU.ActiveCfg = Release|Any CPU
		{F7B256D1-A91A-4229-BF02-C7D42F3DE7E5}.Release|Any CPU.Build.0 = Release|Any CPU
		{ABD4B571-B5CA-4D0D-B9B7-0052C4076123}.Debug|Any CPU.ActiveCfg = Debug|Any CPU
		{ABD4B571-B5CA-4D0D-B9B7-0052C4076123}.Debug|Any CPU.Build.0 = Debug|Any CPU
		{ABD4B571-B5CA-4D0D-B9B7-0052C4076123}.Release|Any CPU.ActiveCfg = Release|Any CPU
		{ABD4B571-B5CA-4D0D-B9B7-0052C4076123}.Release|Any CPU.Build.0 = Release|Any CPU
		{C8AB442B-75A9-4408-98DB-B39B0E770C2D}.Debug|Any CPU.ActiveCfg = Debug|Any CPU
		{C8AB442B-75A9-4408-98DB-B39B0E770C2D}.Debug|Any CPU.Build.0 = Debug|Any CPU
		{C8AB442B-75A9-4408-98DB-B39B0E770C2D}.Release|Any CPU.ActiveCfg = Release|Any CPU
		{C8AB442B-75A9-4408-98DB-B39B0E770C2D}.Release|Any CPU.Build.0 = Release|Any CPU
		{84032174-421A-4AC5-B088-5B97EA456E5C}.Debug|Any CPU.ActiveCfg = Debug|Any CPU
		{84032174-421A-4AC5-B088-5B97EA456E5C}.Debug|Any CPU.Build.0 = Debug|Any CPU
		{84032174-421A-4AC5-B088-5B97EA456E5C}.Release|Any CPU.ActiveCfg = Release|Any CPU
		{84032174-421A-4AC5-B088-5B97EA456E5C}.Release|Any CPU.Build.0 = Release|Any CPU
		{3E1F45E5-41B9-4D98-9D0C-6D0CA1DC28B0}.Debug|Any CPU.ActiveCfg = Debug|Any CPU
		{3E1F45E5-41B9-4D98-9D0C-6D0CA1DC28B0}.Debug|Any CPU.Build.0 = Debug|Any CPU
		{3E1F45E5-41B9-4D98-9D0C-6D0CA1DC28B0}.Release|Any CPU.ActiveCfg = Release|Any CPU
		{3E1F45E5-41B9-4D98-9D0C-6D0CA1DC28B0}.Release|Any CPU.Build.0 = Release|Any CPU
	EndGlobalSection
EndGlobal
